dependencies:
- name: postgresql
  repository: https://charts.bitnami.com/bitnami
  version: 9.2.1
- name: redis
  repository: https://charts.bitnami.com/bitnami
  version: 15.0.0
digest: sha256:85a4b302354f44590a299ebe07d8a685912723a43754d9995a53f0f27cfca2bc
generated: "2021-11-20T11:28:28.382450451+03:00"
